<?xml version="1.0" encoding="utf-8"?>
<Project ToolsVersion="4.0" xmlns="http://schemas.microsoft.com/developer/msbuild/2003">
  <ItemGroup>
    <Filter Include="Source Files">
      <UniqueIdentifier>{4FC737F1-C7A5-4376-A066-2A32D752A2FF}</UniqueIdentifier>
      <Extensions>cpp;c;cc;cxx;def;odl;idl;hpj;bat;asm;asmx</Extensions>
    </Filter>
    <Filter Include="Header Files">
      <UniqueIdentifier>{93995380-89BD-4b04-88EB-625FBE52EBFB}</UniqueIdentifier>
      <Extensions>h;hh;hpp;hxx;hm;inl;inc;xsd</Extensions>
    </Filter>
    <Filter Include="Resource Files">
      <UniqueIdentifier>{67DA6AB6-F800-4c08-8B7A-83BB121AAD01}</UniqueIdentifier>
      <Extensions>rc;ico;cur;bmp;dlg;rc2;rct;bin;rgs;gif;jpg;jpeg;jpe;resx;tiff;tif;png;wav;mfcribbon-ms</Extensions>
    </Filter>
    <Filter Include="include">
      <UniqueIdentifier>{89ed1f96-4b99-42f9-b580-580062222d54}</UniqueIdentifier>
    </Filter>
  </ItemGroup>
  <ItemGroup>
    <Text Include="ReadMe.txt" />
  </ItemGroup>
  <ItemGroup>
    <ClInclude Include="stdafx.h">
      <Filter>Header Files</Filter>
    </ClInclude>
    <ClInclude Include="targetver.h">
      <Filter>Header Files</Filter>
    </ClInclude>
    <ClInclude Include="include\hpdf.h">
      <Filter>include</Filter>
    </ClInclude>
    <ClInclude Include="include\hpdf_3dmeasure.h">
      <Filter>include</Filter>
    </ClInclude>
    <ClInclude Include="include\hpdf_annotation.h">
      <Filter>include</Filter>
    </ClInclude>
    <ClInclude Include="include\hpdf_catalog.h">
      <Filter>include</Filter>
    </ClInclude>
    <ClInclude Include="include\hpdf_conf.h">
      <Filter>include</Filter>
    </ClInclude>
    <ClInclude Include="include\hpdf_consts.h">
      <Filter>include</Filter>
    </ClInclude>
    <ClInclude Include="include\hpdf_destination.h">
      <Filter>include</Filter>
    </ClInclude>
    <ClInclude Include="include\hpdf_doc.h">
      <Filter>include</Filter>
    </ClInclude>
    <ClInclude Include="include\hpdf_encoder.h">
      <Filter>include</Filter>
    </ClInclude>
    <ClInclude Include="include\hpdf_encrypt.h">
      <Filter>include</Filter>
    </ClInclude>
    <ClInclude Include="include\hpdf_encryptdict.h">
      <Filter>include</Filter>
    </ClInclude>
    <ClInclude Include="include\hpdf_error.h">
      <Filter>include</Filter>
    </ClInclude>
    <ClInclude Include="include\hpdf_exdata.h">
      <Filter>include</Filter>
    </ClInclude>
    <ClInclude Include="include\hpdf_ext_gstate.h">
      <Filter>include</Filter>
    </ClInclude>
    <ClInclude Include="include\hpdf_font.h">
      <Filter>include</Filter>
    </ClInclude>
    <ClInclude Include="include\hpdf_fontdef.h">
      <Filter>include</Filter>
    </ClInclude>
    <ClInclude Include="include\hpdf_gstate.h">
      <Filter>include</Filter>
    </ClInclude>
    <ClInclude Include="include\hpdf_image.h">
      <Filter>include</Filter>
    </ClInclude>
    <ClInclude Include="include\hpdf_info.h">
      <Filter>include</Filter>
    </ClInclude>
    <ClInclude Include="include\hpdf_list.h">
      <Filter>include</Filter>
    </ClInclude>
    <ClInclude Include="include\hpdf_mmgr.h">
      <Filter>include</Filter>
    </ClInclude>
    <ClInclude Include="include\hpdf_namedict.h">
      <Filter>include</Filter>
    </ClInclude>
    <ClInclude Include="include\hpdf_objects.h">
      <Filter>include</Filter>
    </ClInclude>
    <ClInclude Include="include\hpdf_outline.h">
      <Filter>include</Filter>
    </ClInclude>
    <ClInclude Include="include\hpdf_page_label.h">
      <Filter>include</Filter>
    </ClInclude>
    <ClInclude Include="include\hpdf_pages.h">
      <Filter>include</Filter>
    </ClInclude>
    <ClInclude Include="include\hpdf_pdfa.h">
      <Filter>include</Filter>
    </ClInclude>
    <ClInclude Include="include\hpdf_streams.h">
      <Filter>include</Filter>
    </ClInclude>
    <ClInclude Include="include\hpdf_types.h">
      <Filter>include</Filter>
    </ClInclude>
    <ClInclude Include="include\hpdf_u3d.h">
      <Filter>include</Filter>
    </ClInclude>
    <ClInclude Include="include\hpdf_utils.h">
      <Filter>include</Filter>
    </ClInclude>
    <ClInclude Include="include\hpdf_version.h">
      <Filter>include</Filter>
    </ClInclude>
    <ClInclude Include="include\png.h">
      <Filter>include</Filter>
    </ClInclude>
    <ClInclude Include="include\pngconf.h">
      <Filter>include</Filter>
    </ClInclude>
    <ClInclude Include="include\zconf.h">
      <Filter>include</Filter>
    </ClInclude>
    <ClInclude Include="include\zlib.h">
      <Filter>include</Filter>
    </ClInclude>
  </ItemGroup>
  <ItemGroup>
    <ClCompile Include="stdafx.cpp">
      <Filter>Source Files</Filter>
    </ClCompile>
    <ClCompile Include="PDFTest.cpp">
      <Filter>Source Files</Filter>
    </ClCompile>
  </ItemGroup>
  <ItemGroup>
    <None Include="include\hpdf_config.h.cmake">
      <Filter>include</Filter>
    </None>
    <None Include="include\Makefile.am">
      <Filter>include</Filter>
    </None>
  </ItemGroup>
</Project>